// !$*UTF8*$!
{
	archiveVersion = 1;
	classes = {
	};
	objectVersion = 55;
	objects = {

/* Begin PBXBuildFile section */
		9A82154C27E045D300DB53FA /* PostCell.swift in Sources */ = {isa = PBXBuildFile; fileRef = 9A82154B27E045D300DB53FA /* PostCell.swift */; };
		9ABDDC2227E023AC005B65D2 /* LoginViewController.swift in Sources */ = {isa = PBXBuildFile; fileRef = 9ABDDC2127E023AC005B65D2 /* LoginViewController.swift */; };
		9ABDDC2427E023CF005B65D2 /* FeedViewController.swift in Sources */ = {isa = PBXBuildFile; fileRef = 9ABDDC2327E023CF005B65D2 /* FeedViewController.swift */; };
		9ABDDC2627E02EC9005B65D2 /* CameraViewController.swift in Sources */ = {isa = PBXBuildFile; fileRef = 9ABDDC2527E02EC9005B65D2 /* CameraViewController.swift */; };
		9AEF306D27DFDB3E001100DC /* AppDelegate.swift in Sources */ = {isa = PBXBuildFile; fileRef = 9AEF306C27DFDB3E001100DC /* AppDelegate.swift */; };
		9AEF306F27DFDB3E001100DC /* SceneDelegate.swift in Sources */ = {isa = PBXBuildFile; fileRef = 9AEF306E27DFDB3E001100DC /* SceneDelegate.swift */; };
		9AEF307427DFDB3E001100DC /* Main.storyboard in Resources */ = {isa = PBXBuildFile; fileRef = 9AEF307227DFDB3E001100DC /* Main.storyboard */; };
		9AEF307627DFDB40001100DC /* Assets.xcassets in Resources */ = {isa = PBXBuildFile; fileRef = 9AEF307527DFDB40001100DC /* Assets.xcassets */; };
		9AEF307927DFDB40001100DC /* LaunchScreen.storyboard in Resources */ = {isa = PBXBuildFile; fileRef = 9AEF307727DFDB40001100DC /* LaunchScreen.storyboard */; };
		F0861912369EB16976E616B0 /* Pods_newproject.framework in Frameworks */ = {isa = PBXBuildFile; fileRef = B379AB6302C39BF7660F69E5 /* Pods_newproject.framework */; };
/* End PBXBuildFile section */

/* Begin PBXFileReference section */
		9A82154B27E045D300DB53FA /* PostCell.swift */ = {isa = PBXFileReference; lastKnownFileType = sourcecode.swift; path = PostCell.swift; sourceTree = "<group>"; };
		9ABDDC2127E023AC005B65D2 /* LoginViewController.swift */ = {isa = PBXFileReference; lastKnownFileType = sourcecode.swift; path = LoginViewController.swift; sourceTree = "<group>"; };
		9ABDDC2327E023CF005B65D2 /* FeedViewController.swift */ = {isa = PBXFileReference; lastKnownFileType = sourcecode.swift; path = FeedViewController.swift; sourceTree = "<group>"; };
		9ABDDC2527E02EC9005B65D2 /* CameraViewController.swift */ = {isa = PBXFileReference; lastKnownFileType = sourcecode.swift; path = CameraViewController.swift; sourceTree = "<group>"; };
		9AEF306927DFDB3E001100DC /* newproject.app */ = {isa = PBXFileReference; explicitFileType = wrapper.application; includeInIndex = 0; path = newproject.app; sourceTree = BUILT_PRODUCTS_DIR; };
		9AEF306C27DFDB3E001100DC /* AppDelegate.swift */ = {isa = PBXFileReference; lastKnownFileType = sourcecode.swift; path = AppDelegate.swift; sourceTree = "<group>"; };
		9AEF306E27DFDB3E001100DC /* SceneDelegate.swift */ = {isa = PBXFileReference; lastKnownFileType = sourcecode.swift; path = SceneDelegate.swift; sourceTree = "<group>"; };
		9AEF307327DFDB3E001100DC /* Base */ = {isa = PBXFileReference; lastKnownFileType = file.storyboard; name = Base; path = Base.lproj/Main.storyboard; sourceTree = "<group>"; };
		9AEF307527DFDB40001100DC /* Assets.xcassets */ = {isa = PBXFileReference; lastKnownFileType = folder.assetcatalog; path = Assets.xcassets; sourceTree = "<group>"; };
		9AEF307827DFDB40001100DC /* Base */ = {isa = PBXFileReference; lastKnownFileType = file.storyboard; name = Base; path = Base.lproj/LaunchScreen.storyboard; sourceTree = "<group>"; };
		9AEF307A27DFDB40001100DC /* Info.plist */ = {isa = PBXFileReference; lastKnownFileType = text.plist.xml; path = Info.plist; sourceTree = "<group>"; };
		B379AB6302C39BF7660F69E5 /* Pods_newproject.framework */ = {isa = PBXFileReference; explicitFileType = wrapper.framework; includeInIndex = 0; path = Pods_newproject.framework; sourceTree = BUILT_PRODUCTS_DIR; };
		D90EB63E0D7FAAB01EF863CB /* Pods-newproject.release.xcconfig */ = {isa = PBXFileReference; includeInIndex = 1; lastKnownFileType = text.xcconfig; name = "Pods-newproject.release.xcconfig"; path = "Target Support Files/Pods-newproject/Pods-newproject.release.xcconfig"; sourceTree = "<group>"; };
		E594E7CF0D84EA92219D1752 /* Pods-newproject.debug.xcconfig */ = {isa = PBXFileReference; includeInIndex = 1; lastKnownFileType = text.xcconfig; name = "Pods-newproject.debug.xcconfig"; path = "Target Support Files/Pods-newproject/Pods-newproject.debug.xcconfig"; sourceTree = "<group>"; };
/* End PBXFileReference section */

/* Begin PBXFrameworksBuildPhase section */
		9AEF306627DFDB3E001100DC /* Frameworks */ = {
			isa = PBXFrameworksBuildPhase;
			buildActionMask = 2147483647;
			files = (
				F0861912369EB16976E616B0 /* Pods_newproject.framework in Frameworks */,
			);
			runOnlyForDeploymentPostprocessing = 0;
		};
/* End PBXFrameworksBuildPhase section */

/* Begin PBXGroup section */
		9AEF306027DFDB3E001100DC = {
			isa = PBXGroup;
			children = (
				9AEF306B27DFDB3E001100DC /* newproject */,
				9AEF306A27DFDB3E001100DC /* Products */,
				F046523D012D3992088D55F0 /* Pods */,
				F6631DBFEC06494389FEC7D5 /* Frameworks */,
			);
			sourceTree = "<group>";
		};
		9AEF306A27DFDB3E001100DC /* Products */ = {
			isa = PBXGroup;
			children = (
				9AEF306927DFDB3E001100DC /* newproject.app */,
			);
			name = Products;
			sourceTree = "<group>";
		};
		9AEF306B27DFDB3E001100DC /* newproject */ = {
			isa = PBXGroup;
			children = (
				9AEF306C27DFDB3E001100DC /* AppDelegate.swift */,
				9AEF306E27DFDB3E001100DC /* SceneDelegate.swift */,
				9AEF307227DFDB3E001100DC /* Main.storyboard */,
				9AEF307527DFDB40001100DC /* Assets.xcassets */,
				9AEF307727DFDB40001100DC /* LaunchScreen.storyboard */,
				9AEF307A27DFDB40001100DC /* Info.plist */,
				9ABDDC2127E023AC005B65D2 /* LoginViewController.swift */,
				9ABDDC2327E023CF005B65D2 /* FeedViewController.swift */,
				9ABDDC2527E02EC9005B65D2 /* CameraViewController.swift */,
				9A82154B27E045D300DB53FA /* PostCell.swift */,
			);
			path = newproject;
			sourceTree = "<group>";
		};
		F046523D012D3992088D55F0 /* Pods */ = {
			isa = PBXGroup;
			children = (
				E594E7CF0D84EA92219D1752 /* Pods-newproject.debug.xcconfig */,
				D90EB63E0D7FAAB01EF863CB /* Pods-newproject.release.xcconfig */,
			);
			path = Pods;
			sourceTree = "<group>";
		};
		F6631DBFEC06494389FEC7D5 /* Frameworks */ = {
			isa = PBXGroup;
			children = (
				B379AB6302C39BF7660F69E5 /* Pods_newproject.framework */,
			);
			name = Frameworks;
			sourceTree = "<group>";
		};
/* End PBXGroup section */

/* Begin PBXNativeTarget section */
		9AEF306827DFDB3E001100DC /* newproject */ = {
			isa = PBXNativeTarget;
			buildConfigurationList = 9AEF307D27DFDB40001100DC /* Build configuration list for PBXNativeTarget "newproject" */;
			buildPhases = (
				7CE2763170BE760CEEB1C352 /* [CP] Check Pods Manifest.lock */,
				9AEF306527DFDB3E001100DC /* Sources */,
				9AEF306627DFDB3E001100DC /* Frameworks */,
				9AEF306727DFDB3E001100DC /* Resources */,
				5611DE00B009097CD2B66897 /* [CP] Embed Pods Frameworks */,
			);
			buildRules = (
			);
			dependencies = (
			);
			name = newproject;
			productName = newproject;
			productReference = 9AEF306927DFDB3E001100DC /* newproject.app */;
			productType = "com.apple.product-type.application";
		};
/* End PBXNativeTarget section */

/* Begin PBXProject section */
		9AEF306127DFDB3E001100DC /* Project object */ = {
			isa = PBXProject;
			attributes = {
				BuildIndependentTargetsInParallel = 1;
				LastSwiftUpdateCheck = 1320;
				LastUpgradeCheck = 1320;
				TargetAttributes = {
					9AEF306827DFDB3E001100DC = {
						CreatedOnToolsVersion = 13.2.1;
					};
				};
			};
			buildConfigurationList = 9AEF306427DFDB3E001100DC /* Build configuration list for PBXProject "newproject" */;
			compatibilityVersion = "Xcode 13.0";
			developmentRegion = en;
			hasScannedForEncodings = 0;
			knownRegions = (
				en,
				Base,
			);
			mainGroup = 9AEF306027DFDB3E001100DC;
			productRefGroup = 9AEF306A27DFDB3E001100DC /* Products */;
			projectDirPath = "";
			projectRoot = "";
			targets = (
				9AEF306827DFDB3E001100DC /* newproject */,
			);
		};
/* End PBXProject section */

/* Begin PBXResourcesBuildPhase section */
		9AEF306727DFDB3E001100DC /* Resources */ = {
			isa = PBXResourcesBuildPhase;
			buildActionMask = 2147483647;
			files = (
				9AEF307927DFDB40001100DC /* LaunchScreen.storyboard in Resources */,
				9AEF307627DFDB40001100DC /* Assets.xcassets in Resources */,
				9AEF307427DFDB3E001100DC /* Main.storyboard in Resources */,
			);
			runOnlyForDeploymentPostprocessing = 0;
		};
/* End PBXResourcesBuildPhase section */

/* Begin PBXShellScriptBuildPhase section */
		5611DE00B009097CD2B66897 /* [CP] Embed Pods Frameworks */ = {
			isa = PBXShellScriptBuildPhase;
			buildActionMask = 2147483647;
			files = (
			);
			inputFileListPaths = (
				"${PODS_ROOT}/Target Support Files/Pods-newproject/Pods-newproject-frameworks-${CONFIGURATION}-input-files.xcfilelist",
			);
			name = "[CP] Embed Pods Frameworks";
			outputFileListPaths = (
				"${PODS_ROOT}/Target Support Files/Pods-newproject/Pods-newproject-frameworks-${CONFIGURATION}-output-files.xcfilelist",
			);
			runOnlyForDeploymentPostprocessing = 0;
			shellPath = /bin/sh;
			shellScript = "\"${PODS_ROOT}/Target Support Files/Pods-newproject/Pods-newproject-frameworks.sh\"\n";
			showEnvVarsInLog = 0;
		};
		7CE2763170BE760CEEB1C352 /* [CP] Check Pods Manifest.lock */ = {
			isa = PBXShellScriptBuildPhase;
			buildActionMask = 2147483647;
			files = (
			);
			inputFileListPaths = (
			);
			inputPaths = (
				"${PODS_PODFILE_DIR_PATH}/Podfile.lock",
				"${PODS_ROOT}/Manifest.lock",
			);
			name = "[CP] Check Pods Manifest.lock";
			outputFileListPaths = (
			);
			outputPaths = (
				"$(DERIVED_FILE_DIR)/Pods-newproject-checkManifestLockResult.txt",
			);
			runOnlyForDeploymentPostprocessing = 0;
			shellPath = /bin/sh;
			shellScript = "diff \"${PODS_PODFILE_DIR_PATH}/Podfile.lock\" \"${PODS_ROOT}/Manifest.lock\" > /dev/null\nif [ $? != 0 ] ; then\n    # print error to STDERR\n    echo \"error: The sandbox is not in sync with the Podfile.lock. Run 'pod install' or update your CocoaPods installation.\" >&2\n    exit 1\nfi\n# This output is used by Xcode 'outputs' to avoid re-running this script phase.\necho \"SUCCESS\" > \"${SCRIPT_OUTPUT_FILE_0}\"\n";
			showEnvVarsInLog = 0;
		};
/* End PBXShellScriptBuildPhase section */

/* Begin PBXSourcesBuildPhase section */
		9AEF306527DFDB3E001100DC /* Sources */ = {
			isa = PBXSourcesBuildPhase;
			buildActionMask = 2147483647;
			files = (
				9ABDDC2227E023AC005B65D2 /* LoginViewController.swift in Sources */,
				9ABDDC2627E02EC9005B65D2 /* CameraViewController.swift in Sources */,
				9AEF306D27DFDB3E001100DC /* AppDelegate.swift in Sources */,
				9ABDDC2427E023CF005B65D2 /* FeedViewController.swift in Sources */,
				9AEF306F27DFDB3E001100DC /* SceneDelegate.swift in Sources */,
				9A82154C27E045D300DB53FA /* PostCell.swift in Sources */,
			);
			runOnlyForDeploymentPostprocessing = 0;
		};
/* End PBXSourcesBuildPhase section */

/* Begin PBXVariantGroup section */
		9AEF307227DFDB3E001100DC /* Main.storyboard */ = {
			isa = PBXVariantGroup;
			children = (
				9AEF307327DFDB3E001100DC /* Base */,
			);
			name = Main.storyboard;
			sourceTree = "<group>";
		};
		9AEF307727DFDB40001100DC /* LaunchScreen.storyboard */ = {
			isa = PBXVariantGroup;
			children = (
				9AEF307827DFDB40001100DC /* Base */,
			);
			name = LaunchScreen.storyboard;
			sourceTree = "<group>";
		};
/* End PBXVariantGroup section */

/* Begin XCBuildConfiguration section */
		9AEF307B27DFDB40001100DC /* Debug */ = {
			isa = XCBuildConfiguration;
			buildSettings = {
				ALWAYS_SEARCH_USER_PATHS = NO;
				CLANG_ANALYZER_NONNULL = YES;
				CLANG_ANALYZER_NUMBER_OBJECT_CONVERSION = YES_AGGRESSIVE;
				CLANG_CXX_LANGUAGE_STANDARD = "gnu++17";
				CLANG_CXX_LIBRARY = "libc++";
				CLANG_ENABLE_MODULES = YES;
				CLANG_ENABLE_OBJC_ARC = YES;
				CLANG_ENABLE_OBJC_WEAK = YES;
				CLANG_WARN_BLOCK_CAPTURE_AUTORELEASING = YES;
				CLANG_WARN_BOOL_CONVERSION = YES;
				CLANG_WARN_COMMA = YES;
				CLANG_WARN_CONSTANT_CONVERSION = YES;
				CLANG_WARN_DEPRECATED_OBJC_IMPLEMENTATIONS = YES;
				CLANG_WARN_DIRECT_OBJC_ISA_USAGE = YES_ERROR;
				CLANG_WARN_DOCUMENTATION_COMMENTS = YES;
				CLANG_WARN_EMPTY_BODY = YES;
				CLANG_WARN_ENUM_CONVERSION = YES;
				CLANG_WARN_INFINITE_RECURSION = YES;
				CLANG_WARN_INT_CONVERSION = YES;
				CLANG_WARN_NON_LITERAL_NULL_CONVERSION = YES;
				CLANG_WARN_OBJC_IMPLICIT_RETAIN_SELF = YES;
				CLANG_WARN_OBJC_LITERAL_CONVERSION = YES;
				CLANG_WARN_OBJC_ROOT_CLASS = YES_ERROR;
				CLANG_WARN_QUOTED_INCLUDE_IN_FRAMEWORK_HEADER = YES;
				CLANG_WARN_RANGE_LOOP_ANALYSIS = YES;
				CLANG_WARN_STRICT_PROTOTYPES = YES;
				CLANG_WARN_SUSPICIOUS_MOVE = YES;
				CLANG_WARN_UNGUARDED_AVAILABILITY = YES_AGGRESSIVE;
				CLANG_WARN_UNREACHABLE_CODE = YES;
				CLANG_WARN__DUPLICATE_METHOD_MATCH = YES;
				COPY_PHASE_STRIP = NO;
				DEBUG_INFORMATION_FORMAT = dwarf;
				ENABLE_STRICT_OBJC_MSGSEND = YES;
				ENABLE_TESTABILITY = YES;
				GCC_C_LANGUAGE_STANDARD = gnu11;
				GCC_DYNAMIC_NO_PIC = NO;
				GCC_NO_COMMON_BLOCKS = YES;
				GCC_OPTIMIZATION_LEVEL = 0;
				GCC_PREPROCESSOR_DEFINITIONS = (
					"DEBUG=1",
					"$(inherited)",
				);
				GCC_WARN_64_TO_32_BIT_CONVERSION = YES;
				GCC_WARN_ABOUT_RETURN_TYPE = YES_ERROR;
				GCC_WARN_UNDECLARED_SELECTOR = YES;
				GCC_WARN_UNINITIALIZED_AUTOS = YES_AGGRESSIVE;
				GCC_WARN_UNUSED_FUNCTION = YES;
				GCC_WARN_UNUSED_VARIABLE = YES;
				IPHONEOS_DEPLOYMENT_TARGET = 15.2;
				MTL_ENABLE_DEBUG_INFO = INCLUDE_SOURCE;
				MTL_FAST_MATH = YES;
				ONLY_ACTIVE_ARCH = YES;
				SDKROOT = iphoneos;
				SWIFT_ACTIVE_COMPILATION_CONDITIONS = DEBUG;
				SWIFT_OPTIMIZATION_LEVEL = "-Onone";
			};
			name = Debug;
		};
		9AEF307C27DFDB40001100DC /* Release */ = {
			isa = XCBuildConfiguration;
			buildSettings = {
				ALWAYS_SEARCH_USER_PATHS = NO;
				CLANG_ANALYZER_NONNULL = YES;
				CLANG_ANALYZER_NUMBER_OBJECT_CONVERSION = YES_AGGRESSIVE;
				CLANG_CXX_LANGUAGE_STANDARD = "gnu++17";
				CLANG_CXX_LIBRARY = "libc++";
				CLANG_ENABLE_MODULES = YES;
				CLANG_ENABLE_OBJC_ARC = YES;
				CLANG_ENABLE_OBJC_WEAK = YES;
				CLANG_WARN_BLOCK_CAPTURE_AUTORELEASING = YES;
				CLANG_WARN_BOOL_CONVERSION = YES;
				CLANG_WARN_COMMA = YES;
				CLANG_WARN_CONSTANT_CONVERSION = YES;
				CLANG_WARN_DEPRECATED_OBJC_IMPLEMENTATIONS = YES;
				CLANG_WARN_DIRECT_OBJC_ISA_USAGE = YES_ERROR;
				CLANG_WARN_DOCUMENTATION_COMMENTS = YES;
				CLANG_WARN_EMPTY_BODY = YES;
				CLANG_WARN_ENUM_CONVERSION = YES;
				CLANG_WARN_INFINITE_RECURSION = YES;
				CLANG_WARN_INT_CONVERSION = YES;
				CLANG_WARN_NON_LITERAL_NULL_CONVERSION = YES;
				CLANG_WARN_OBJC_IMPLICIT_RETAIN_SELF = YES;
				CLANG_WARN_OBJC_LITERAL_CONVERSION = YES;
				CLANG_WARN_OBJC_ROOT_CLASS = YES_ERROR;
				CLANG_WARN_QUOTED_INCLUDE_IN_FRAMEWORK_HEADER = YES;
				CLANG_WARN_RANGE_LOOP_ANALYSIS = YES;
				CLANG_WARN_STRICT_PROTOTYPES = YES;
				CLANG_WARN_SUSPICIOUS_MOVE = YES;
				CLANG_WARN_UNGUARDED_AVAILABILITY = YES_AGGRESSIVE;
				CLANG_WARN_UNREACHABLE_CODE = YES;
				CLANG_WARN__DUPLICATE_METHOD_MATCH = YES;
				COPY_PHASE_STRIP = NO;
				DEBUG_INFORMATION_FORMAT = "dwarf-with-dsym";
				ENABLE_NS_ASSERTIONS = NO;
				ENABLE_STRICT_OBJC_MSGSEND = YES;
				GCC_C_LANGUAGE_STANDARD = gnu11;
				GCC_NO_COMMON_BLOCKS = YES;
				GCC_WARN_64_TO_32_BIT_CONVERSION = YES;
				GCC_WARN_ABOUT_RETURN_TYPE = YES_ERROR;
				GCC_WARN_UNDECLARED_SELECTOR = YES;
				GCC_WARN_UNINITIALIZED_AUTOS = YES_AGGRESSIVE;
				GCC_WARN_UNUSED_FUNCTION = YES;
				GCC_WARN_UNUSED_VARIABLE = YES;
				IPHONEOS_DEPLOYMENT_TARGET = 15.2;
				MTL_ENABLE_DEBUG_INFO = NO;
				MTL_FAST_MATH = YES;
				SDKROOT = iphoneos;
				SWIFT_COMPILATION_MODE = wholemodule;
				SWIFT_OPTIMIZATION_LEVEL = "-O";
				VALIDATE_PRODUCT = YES;
			};
			name = Release;
		};
		9AEF307E27DFDB40001100DC /* Debug */ = {
			isa = XCBuildConfiguration;
			baseConfigurationReference = E594E7CF0D84EA92219D1752 /* Pods-newproject.debug.xcconfig */;
			buildSettings = {
				ASSETCATALOG_COMPILER_APPICON_NAME = AppIcon;
				ASSETCATALOG_COMPILER_GLOBAL_ACCENT_COLOR_NAME = AccentColor;
				CODE_SIGN_STYLE = Automatic;
				CURRENT_PROJECT_VERSION = 1;
				DEVELOPMENT_TEAM = WWQ4LX4KU5;
				GENERATE_INFOPLIST_FILE = YES;
				INFOPLIST_FILE = newproject/Info.plist;
				INFOPLIST_KEY_UIApplicationSupportsIndirectInputEvents = YES;
				INFOPLIST_KEY_UILaunchStoryboardName = LaunchScreen;
				INFOPLIST_KEY_UIMainStoryboardFile = Main;
				INFOPLIST_KEY_UISupportedInterfaceOrientations_iPad = "UIInterfaceOrientationPortrait UIInterfaceOrientationPortraitUpsideDown UIInterfaceOrientationLandscapeLeft UIInterfaceOrientationLandscapeRight";
				INFOPLIST_KEY_UISupportedInterfaceOrientations_iPhone = "UIInterfaceOrientationPortrait UIInterfaceOrientationLandscapeLeft UIInterfaceOrientationLandscapeRight";
				LD_RUNPATH_SEARCH_PATHS = (
					"$(inherited)",
					"@executable_path/Frameworks",
				);
				MARKETING_VERSION = 1.0;
				PRODUCT_BUNDLE_IDENTIFIER = memo.com.newproject;
				PRODUCT_NAME = "$(TARGET_NAME)";
				SWIFT_EMIT_LOC_STRINGS = YES;
				SWIFT_VERSION = 5.0;
				TARGETED_DEVICE_FAMILY = "1,2";
			};
			name = Debug;
		};
		9AEF307F27DFDB40001100DC /* Release */ = {
			isa = XCBuildConfiguration;
			baseConfigurationReference = D90EB63E0D7FAAB01EF863CB /* Pods-newproject.release.xcconfig */;
			buildSettings = {
				ASSETCATALOG_COMPILER_APPICON_NAME = AppIcon;
				ASSETCATALOG_COMPILER_GLOBAL_ACCENT_COLOR_NAME = AccentColor;
				CODE_SIGN_STYLE = Automatic;
				CURRENT_PROJECT_VERSION = 1;
				DEVELOPMENT_TEAM = WWQ4LX4KU5;
				GENERATE_INFOPLIST_FILE = YES;
				INFOPLIST_FILE = newproject/Info.plist;
				INFOPLIST_KEY_UIApplicationSupportsIndirectInputEvents = YES;
				INFOPLIST_KEY_UILaunchStoryboardName = LaunchScreen;
				INFOPLIST_KEY_UIMainStoryboardFile = Main;
				INFOPLIST_KEY_UISupportedInterfaceOrientations_iPad = "UIInterfaceOrientationPortrait UIInterfaceOrientationPortraitUpsideDown UIInterfaceOrientationLandscapeLeft UIInterfaceOrientationLandscapeRight";
				INFOPLIST_KEY_UISupportedInterfaceOrientations_iPhone = "UIInterfaceOrientationPortrait UIInterfaceOrientationLandscapeLeft UIInterfaceOrientationLandscapeRight";
				LD_RUNPATH_SEARCH_PATHS = (
					"$(inherited)",
					"@executable_path/Frameworks",
				);
				MARKETING_VERSION = 1.0;
				PRODUCT_BUNDLE_IDENTIFIER = memo.com.newproject;
				PRODUCT_NAME = "$(TARGET_NAME)";
				SWIFT_EMIT_LOC_STRINGS = YES;
				SWIFT_VERSION = 5.0;
				TARGETED_DEVICE_FAMILY = "1,2";
			};
			name = Release;
		};
/* End XCBuildConfiguration section */

/* Begin XCConfigurationList section */
		9AEF306427DFDB3E001100DC /* Build configuration list for PBXProject "newproject" */ = {
			isa = XCConfigurationList;
			buildConfigurations = (
				9AEF307B27DFDB40001100DC /* Debug */,
				9AEF307C27DFDB40001100DC /* Release */,
			);
			defaultConfigurationIsVisible = 0;
			defaultConfigurationName = Release;
		};
		9AEF307D27DFDB40001100DC /* Build configuration list for PBXNativeTarget "newproject" */ = {
			isa = XCConfigurationList;
			buildConfigurations = (
				9AEF307E27DFDB40001100DC /* Debug */,
				9AEF307F27DFDB40001100DC /* Release */,
			);
			defaultConfigurationIsVisible = 0;
			defaultConfigurationName = Release;
		};
/* End XCConfigurationList section */
	};
	rootObject = 9AEF306127DFDB3E001100DC /* Project object */;
}
